// !$*UTF8*$!
{
	archiveVersion = 1;
	classes = {
	};
	objectVersion = 46;
	objects = {

/* Begin PBXBuildFile section */
		AC0E2CAE1D225C7800EBC3B3 /* AppDelegate.swift in Sources */ = {isa = PBXBuildFile; fileRef = AC0E2CAD1D225C7800EBC3B3 /* AppDelegate.swift */; };
		AC0E2CB01D225C7800EBC3B3 /* ViewController.swift in Sources */ = {isa = PBXBuildFile; fileRef = AC0E2CAF1D225C7800EBC3B3 /* ViewController.swift */; };
		AC0E2CB31D225C7800EBC3B3 /* Main.storyboard in Resources */ = {isa = PBXBuildFile; fileRef = AC0E2CB11D225C7800EBC3B3 /* Main.storyboard */; };
		AC0E2CB51D225C7800EBC3B3 /* Assets.xcassets in Resources */ = {isa = PBXBuildFile; fileRef = AC0E2CB41D225C7800EBC3B3 /* Assets.xcassets */; };
		AC0E2CB81D225C7800EBC3B3 /* LaunchScreen.storyboard in Resources */ = {isa = PBXBuildFile; fileRef = AC0E2CB61D225C7800EBC3B3 /* LaunchScreen.storyboard */; };
		AC0E2CC31D225C7800EBC3B3 /* TitanTests.swift in Sources */ = {isa = PBXBuildFile; fileRef = AC0E2CC21D225C7800EBC3B3 /* TitanTests.swift */; };
		AC0E2CCE1D225C7800EBC3B3 /* TitanUITests.swift in Sources */ = {isa = PBXBuildFile; fileRef = AC0E2CCD1D225C7800EBC3B3 /* TitanUITests.swift */; };
/* End PBXBuildFile section */

/* Begin PBXContainerItemProxy section */
		AC0E2CBF1D225C7800EBC3B3 /* PBXContainerItemProxy */ = {
			isa = PBXContainerItemProxy;
			containerPortal = AC0E2CA21D225C7800EBC3B3 /* Project object */;
			proxyType = 1;
			remoteGlobalIDString = AC0E2CA91D225C7800EBC3B3;
			remoteInfo = Titan;
		};
		AC0E2CCA1D225C7800EBC3B3 /* PBXContainerItemProxy */ = {
			isa = PBXContainerItemProxy;
			containerPortal = AC0E2CA21D225C7800EBC3B3 /* Project object */;
			proxyType = 1;
			remoteGlobalIDString = AC0E2CA91D225C7800EBC3B3;
			remoteInfo = Titan;
		};
/* End PBXContainerItemProxy section */

/* Begin PBXFileReference section */
		AC0E2CAA1D225C7800EBC3B3 /* Titan.app */ = {isa = PBXFileReference; explicitFileType = wrapper.application; includeInIndex = 0; path = Titan.app; sourceTree = BUILT_PRODUCTS_DIR; };
		AC0E2CAD1D225C7800EBC3B3 /* AppDelegate.swift */ = {isa = PBXFileReference; lastKnownFileType = sourcecode.swift; path = AppDelegate.swift; sourceTree = "<group>"; };
		AC0E2CAF1D225C7800EBC3B3 /* ViewController.swift */ = {isa = PBXFileReference; lastKnownFileType = sourcecode.swift; path = ViewController.swift; sourceTree = "<group>"; };
		AC0E2CB21D225C7800EBC3B3 /* Base */ = {isa = PBXFileReference; lastKnownFileType = file.storyboard; name = Base; path = Base.lproj/Main.storyboard; sourceTree = "<group>"; };
		AC0E2CB41D225C7800EBC3B3 /* Assets.xcassets */ = {isa = PBXFileReference; lastKnownFileType = folder.assetcatalog; path = Assets.xcassets; sourceTree = "<group>"; };
		AC0E2CB71D225C7800EBC3B3 /* Base */ = {isa = PBXFileReference; lastKnownFileType = file.storyboard; name = Base; path = Base.lproj/LaunchScreen.storyboard; sourceTree = "<group>"; };
		AC0E2CB91D225C7800EBC3B3 /* Info.plist */ = {isa = PBXFileReference; lastKnownFileType = text.plist.xml; path = Info.plist; sourceTree = "<group>"; };
		AC0E2CBE1D225C7800EBC3B3 /* TitanTests.xctest */ = {isa = PBXFileReference; explicitFileType = wrapper.cfbundle; includeInIndex = 0; path = TitanTests.xctest; sourceTree = BUILT_PRODUCTS_DIR; };
		AC0E2CC21D225C7800EBC3B3 /* TitanTests.swift */ = {isa = PBXFileReference; lastKnownFileType = sourcecode.swift; path = TitanTests.swift; sourceTree = "<group>"; };
		AC0E2CC41D225C7800EBC3B3 /* Info.plist */ = {isa = PBXFileReference; lastKnownFileType = text.plist.xml; path = Info.plist; sourceTree = "<group>"; };
		AC0E2CC91D225C7800EBC3B3 /* TitanUITests.xctest */ = {isa = PBXFileReference; explicitFileType = wrapper.cfbundle; includeInIndex = 0; path = TitanUITests.xctest; sourceTree = BUILT_PRODUCTS_DIR; };
		AC0E2CCD1D225C7800EBC3B3 /* TitanUITests.swift */ = {isa = PBXFileReference; lastKnownFileType = sourcecode.swift; path = TitanUITests.swift; sourceTree = "<group>"; };
		AC0E2CCF1D225C7800EBC3B3 /* Info.plist */ = {isa = PBXFileReference; lastKnownFileType = text.plist.xml; path = Info.plist; sourceTree = "<group>"; };
/* End PBXFileReference section */

/* Begin PBXFrameworksBuildPhase section */
		AC0E2CA71D225C7800EBC3B3 /* Frameworks */ = {
			isa = PBXFrameworksBuildPhase;
			buildActionMask = 2147483647;
			files = (
			);
			runOnlyForDeploymentPostprocessing = 0;
		};
		AC0E2CBB1D225C7800EBC3B3 /* Frameworks */ = {
			isa = PBXFrameworksBuildPhase;
			buildActionMask = 2147483647;
			files = (
			);
			runOnlyForDeploymentPostprocessing = 0;
		};
		AC0E2CC61D225C7800EBC3B3 /* Frameworks */ = {
			isa = PBXFrameworksBuildPhase;
			buildActionMask = 2147483647;
			files = (
			);
			runOnlyForDeploymentPostprocessing = 0;
		};
/* End PBXFrameworksBuildPhase section */

/* Begin PBXGroup section */
		AC0E2CA11D225C7800EBC3B3 = {
			isa = PBXGroup;
			children = (
				AC0E2CAC1D225C7800EBC3B3 /* Titan */,
				AC0E2CC11D225C7800EBC3B3 /* TitanTests */,
				AC0E2CCC1D225C7800EBC3B3 /* TitanUITests */,
				AC0E2CAB1D225C7800EBC3B3 /* Products */,
			);
			sourceTree = "<group>";
		};
		AC0E2CAB1D225C7800EBC3B3 /* Products */ = {
			isa = PBXGroup;
			children = (
				AC0E2CAA1D225C7800EBC3B3 /* Titan.app */,
				AC0E2CBE1D225C7800EBC3B3 /* TitanTests.xctest */,
				AC0E2CC91D225C7800EBC3B3 /* TitanUITests.xctest */,
			);
			name = Products;
			sourceTree = "<group>";
		};
		AC0E2CAC1D225C7800EBC3B3 /* Titan */ = {
			isa = PBXGroup;
			children = (
				AC0E2CAD1D225C7800EBC3B3 /* AppDelegate.swift */,
				AC0E2CAF1D225C7800EBC3B3 /* ViewController.swift */,
				AC0E2CB11D225C7800EBC3B3 /* Main.storyboard */,
				AC0E2CB41D225C7800EBC3B3 /* Assets.xcassets */,
				AC0E2CB61D225C7800EBC3B3 /* LaunchScreen.storyboard */,
				AC0E2CB91D225C7800EBC3B3 /* Info.plist */,
			);
			path = Titan;
			sourceTree = "<group>";
		};
		AC0E2CC11D225C7800EBC3B3 /* TitanTests */ = {
			isa = PBXGroup;
			children = (
				AC0E2CC21D225C7800EBC3B3 /* TitanTests.swift */,
				AC0E2CC41D225C7800EBC3B3 /* Info.plist */,
			);
			path = TitanTests;
			sourceTree = "<group>";
		};
		AC0E2CCC1D225C7800EBC3B3 /* TitanUITests */ = {
			isa = PBXGroup;
			children = (
				AC0E2CCD1D225C7800EBC3B3 /* TitanUITests.swift */,
				AC0E2CCF1D225C7800EBC3B3 /* Info.plist */,
			);
			path = TitanUITests;
			sourceTree = "<group>";
		};
/* End PBXGroup section */

/* Begin PBXNativeTarget section */
		AC0E2CA91D225C7800EBC3B3 /* Titan */ = {
			isa = PBXNativeTarget;
			buildConfigurationList = AC0E2CD21D225C7800EBC3B3 /* Build configuration list for PBXNativeTarget "Titan" */;
			buildPhases = (
				AC0E2CA61D225C7800EBC3B3 /* Sources */,
				AC0E2CA71D225C7800EBC3B3 /* Frameworks */,
				AC0E2CA81D225C7800EBC3B3 /* Resources */,
			);
			buildRules = (
			);
			dependencies = (
			);
			name = Titan;
			productName = Titan;
			productReference = AC0E2CAA1D225C7800EBC3B3 /* Titan.app */;
			productType = "com.apple.product-type.application";
		};
		AC0E2CBD1D225C7800EBC3B3 /* TitanTests */ = {
			isa = PBXNativeTarget;
			buildConfigurationList = AC0E2CD51D225C7800EBC3B3 /* Build configuration list for PBXNativeTarget "TitanTests" */;
			buildPhases = (
				AC0E2CBA1D225C7800EBC3B3 /* Sources */,
				AC0E2CBB1D225C7800EBC3B3 /* Frameworks */,
				AC0E2CBC1D225C7800EBC3B3 /* Resources */,
			);
			buildRules = (
			);
			dependencies = (
				AC0E2CC01D225C7800EBC3B3 /* PBXTargetDependency */,
			);
			name = TitanTests;
			productName = TitanTests;
			productReference = AC0E2CBE1D225C7800EBC3B3 /* TitanTests.xctest */;
			productType = "com.apple.product-type.bundle.unit-test";
		};
		AC0E2CC81D225C7800EBC3B3 /* TitanUITests */ = {
			isa = PBXNativeTarget;
			buildConfigurationList = AC0E2CD81D225C7800EBC3B3 /* Build configuration list for PBXNativeTarget "TitanUITests" */;
			buildPhases = (
				AC0E2CC51D225C7800EBC3B3 /* Sources */,
				AC0E2CC61D225C7800EBC3B3 /* Frameworks */,
				AC0E2CC71D225C7800EBC3B3 /* Resources */,
			);
			buildRules = (
			);
			dependencies = (
				AC0E2CCB1D225C7800EBC3B3 /* PBXTargetDependency */,
			);
			name = TitanUITests;
			productName = TitanUITests;
			productReference = AC0E2CC91D225C7800EBC3B3 /* TitanUITests.xctest */;
			productType = "com.apple.product-type.bundle.ui-testing";
		};
/* End PBXNativeTarget section */

/* Begin PBXProject section */
		AC0E2CA21D225C7800EBC3B3 /* Project object */ = {
			isa = PBXProject;
			attributes = {
				LastSwiftUpdateCheck = 0730;
				LastUpgradeCheck = 0730;
				ORGANIZATIONNAME = LongND9;
				TargetAttributes = {
					AC0E2CA91D225C7800EBC3B3 = {
						CreatedOnToolsVersion = 7.3.1;
					};
					AC0E2CBD1D225C7800EBC3B3 = {
						CreatedOnToolsVersion = 7.3.1;
						TestTargetID = AC0E2CA91D225C7800EBC3B3;
					};
					AC0E2CC81D225C7800EBC3B3 = {
						CreatedOnToolsVersion = 7.3.1;
						TestTargetID = AC0E2CA91D225C7800EBC3B3;
					};
				};
			};
			buildConfigurationList = AC0E2CA51D225C7800EBC3B3 /* Build configuration list for PBXProject "Titan" */;
			compatibilityVersion = "Xcode 3.2";
			developmentRegion = English;
			hasScannedForEncodings = 0;
			knownRegions = (
				en,
				Base,
			);
			mainGroup = AC0E2CA11D225C7800EBC3B3;
			productRefGroup = AC0E2CAB1D225C7800EBC3B3 /* Products */;
			projectDirPath = "";
			projectRoot = "";
			targets = (
				AC0E2CA91D225C7800EBC3B3 /* Titan */,
				AC0E2CBD1D225C7800EBC3B3 /* TitanTests */,
				AC0E2CC81D225C7800EBC3B3 /* TitanUITests */,
			);
		};
/* End PBXProject section */

/* Begin PBXResourcesBuildPhase section */
		AC0E2CA81D225C7800EBC3B3 /* Resources */ = {
			isa = PBXResourcesBuildPhase;
			buildActionMask = 2147483647;
			files = (
				AC0E2CB81D225C7800EBC3B3 /* LaunchScreen.storyboard in Resources */,
				AC0E2CB51D225C7800EBC3B3 /* Assets.xcassets in Resources */,
				AC0E2CB31D225C7800EBC3B3 /* Main.storyboard in Resources */,
			);
			runOnlyForDeploymentPostprocessing = 0;
		};
		AC0E2CBC1D225C7800EBC3B3 /* Resources */ = {
			isa = PBXResourcesBuildPhase;
			buildActionMask = 2147483647;
			files = (
			);
			runOnlyForDeploymentPostprocessing = 0;
		};
		AC0E2CC71D225C7800EBC3B3 /* Resources */ = {
			isa = PBXResourcesBuildPhase;
			buildActionMask = 2147483647;
			files = (
			);
			runOnlyForDeploymentPostprocessing = 0;
		};
/* End PBXResourcesBuildPhase section */

/* Begin PBXSourcesBuildPhase section */
		AC0E2CA61D225C7800EBC3B3 /* Sources */ = {
			isa = PBXSourcesBuildPhase;
			buildActionMask = 2147483647;
			files = (
				AC0E2CB01D225C7800EBC3B3 /* ViewController.swift in Sources */,
				AC0E2CAE1D225C7800EBC3B3 /* AppDelegate.swift in Sources */,
			);
			runOnlyForDeploymentPostprocessing = 0;
		};
		AC0E2CBA1D225C7800EBC3B3 /* Sources */ = {
			isa = PBXSourcesBuildPhase;
			buildActionMask = 2147483647;
			files = (
				AC0E2CC31D225C7800EBC3B3 /* TitanTests.swift in Sources */,
			);
			runOnlyForDeploymentPostprocessing = 0;
		};
		AC0E2CC51D225C7800EBC3B3 /* Sources */ = {
			isa = PBXSourcesBuildPhase;
			buildActionMask = 2147483647;
			files = (
				AC0E2CCE1D225C7800EBC3B3 /* TitanUITests.swift in Sources */,
			);
			runOnlyForDeploymentPostprocessing = 0;
		};
/* End PBXSourcesBuildPhase section */

/* Begin PBXTargetDependency section */
		AC0E2CC01D225C7800EBC3B3 /* PBXTargetDependency */ = {
			isa = PBXTargetDependency;
			target = AC0E2CA91D225C7800EBC3B3 /* Titan */;
			targetProxy = AC0E2CBF1D225C7800EBC3B3 /* PBXContainerItemProxy */;
		};
		AC0E2CCB1D225C7800EBC3B3 /* PBXTargetDependency */ = {
			isa = PBXTargetDependency;
			target = AC0E2CA91D225C7800EBC3B3 /* Titan */;
			targetProxy = AC0E2CCA1D225C7800EBC3B3 /* PBXContainerItemProxy */;
		};
/* End PBXTargetDependency section */

/* Begin PBXVariantGroup section */
		AC0E2CB11D225C7800EBC3B3 /* Main.storyboard */ = {
			isa = PBXVariantGroup;
			children = (
				AC0E2CB21D225C7800EBC3B3 /* Base */,
			);
			name = Main.storyboard;
			sourceTree = "<group>";
		};
		AC0E2CB61D225C7800EBC3B3 /* LaunchScreen.storyboard */ = {
			isa = PBXVariantGroup;
			children = (
				AC0E2CB71D225C7800EBC3B3 /* Base */,
			);
			name = LaunchScreen.storyboard;
			sourceTree = "<group>";
		};
/* End PBXVariantGroup section */

/* Begin XCBuildConfiguration section */
		AC0E2CD01D225C7800EBC3B3 /* Debug */ = {
			isa = XCBuildConfiguration;
			buildSettings = {
				ALWAYS_SEARCH_USER_PATHS = NO;
				CLANG_ANALYZER_NONNULL = YES;
				CLANG_CXX_LANGUAGE_STANDARD = "gnu++0x";
				CLANG_CXX_LIBRARY = "libc++";
				CLANG_ENABLE_MODULES = YES;
				CLANG_ENABLE_OBJC_ARC = YES;
				CLANG_WARN_BOOL_CONVERSION = YES;
				CLANG_WARN_CONSTANT_CONVERSION = YES;
				CLANG_WARN_DIRECT_OBJC_ISA_USAGE = YES_ERROR;
				CLANG_WARN_EMPTY_BODY = YES;
				CLANG_WARN_ENUM_CONVERSION = YES;
				CLANG_WARN_INT_CONVERSION = YES;
				CLANG_WARN_OBJC_ROOT_CLASS = YES_ERROR;
				CLANG_WARN_UNREACHABLE_CODE = YES;
				CLANG_WARN__DUPLICATE_METHOD_MATCH = YES;
				"CODE_SIGN_IDENTITY[sdk=iphoneos*]" = "iPhone Developer";
				COPY_PHASE_STRIP = NO;
				DEBUG_INFORMATION_FORMAT = dwarf;
				ENABLE_STRICT_OBJC_MSGSEND = YES;
				ENABLE_TESTABILITY = YES;
				GCC_C_LANGUAGE_STANDARD = gnu99;
				GCC_DYNAMIC_NO_PIC = NO;
				GCC_NO_COMMON_BLOCKS = YES;
				GCC_OPTIMIZATION_LEVEL = 0;
				GCC_PREPROCESSOR_DEFINITIONS = (
					"DEBUG=1",
					"$(inherited)",
				);
				GCC_WARN_64_TO_32_BIT_CONVERSION = YES;
				GCC_WARN_ABOUT_RETURN_TYPE = YES_ERROR;
				GCC_WARN_UNDECLARED_SELECTOR = YES;
				GCC_WARN_UNINITIALIZED_AUTOS = YES_AGGRESSIVE;
				GCC_WARN_UNUSED_FUNCTION = YES;
				GCC_WARN_UNUSED_VARIABLE = YES;
				IPHONEOS_DEPLOYMENT_TARGET = 9.3;
				MTL_ENABLE_DEBUG_INFO = YES;
				ONLY_ACTIVE_ARCH = YES;
				SDKROOT = iphoneos;
				SWIFT_OPTIMIZATION_LEVEL = "-Onone";
				TARGETED_DEVICE_FAMILY = "1,2";
			};
			name = Debug;
		};
		AC0E2CD11D225C7800EBC3B3 /* Release */ = {
			isa = XCBuildConfiguration;
			buildSettings = {
				ALWAYS_SEARCH_USER_PATHS = NO;
				CLANG_ANALYZER_NONNULL = YES;
				CLANG_CXX_LANGUAGE_STANDARD = "gnu++0x";
				CLANG_CXX_LIBRARY = "libc++";
				CLANG_ENABLE_MODULES = YES;
				CLANG_ENABLE_OBJC_ARC = YES;
				CLANG_WARN_BOOL_CONVERSION = YES;
				CLANG_WARN_CONSTANT_CONVERSION = YES;
				CLANG_WARN_DIRECT_OBJC_ISA_USAGE = YES_ERROR;
				CLANG_WARN_EMPTY_BODY = YES;
				CLANG_WARN_ENUM_CONVERSION = YES;
				CLANG_WARN_INT_CONVERSION = YES;
				CLANG_WARN_OBJC_ROOT_CLASS = YES_ERROR;
				CLANG_WARN_UNREACHABLE_CODE = YES;
				CLANG_WARN__DUPLICATE_METHOD_MATCH = YES;
				"CODE_SIGN_IDENTITY[sdk=iphoneos*]" = "iPhone Developer";
				COPY_PHASE_STRIP = NO;
				DEBUG_INFORMATION_FORMAT = "dwarf-with-dsym";
				ENABLE_NS_ASSERTIONS = NO;
				ENABLE_STRICT_OBJC_MSGSEND = YES;
				GCC_C_LANGUAGE_STANDARD = gnu99;
				GCC_NO_COMMON_BLOCKS = YES;
				GCC_WARN_64_TO_32_BIT_CONVERSION = YES;
				GCC_WARN_ABOUT_RETURN_TYPE = YES_ERROR;
				GCC_WARN_UNDECLARED_SELECTOR = YES;
				GCC_WARN_UNINITIALIZED_AUTOS = YES_AGGRESSIVE;
				GCC_WARN_UNUSED_FUNCTION = YES;
				GCC_WARN_UNUSED_VARIABLE = YES;
				IPHONEOS_DEPLOYMENT_TARGET = 9.3;
				MTL_ENABLE_DEBUG_INFO = NO;
				SDKROOT = iphoneos;
				TARGETED_DEVICE_FAMILY = "1,2";
				VALIDATE_PRODUCT = YES;
			};
			name = Release;
		};
		AC0E2CD31D225C7800EBC3B3 /* Debug */ = {
			isa = XCBuildConfiguration;
			buildSettings = {
				ASSETCATALOG_COMPILER_APPICON_NAME = AppIcon;
				INFOPLIST_FILE = Titan/Info.plist;
				LD_RUNPATH_SEARCH_PATHS = "$(inherited) @executable_path/Frameworks";
				PRODUCT_BUNDLE_IDENTIFIER = com.titan.Titan;
				PRODUCT_NAME = "$(TARGET_NAME)";
			};
			name = Debug;
		};
		AC0E2CD41D225C7800EBC3B3 /* Release */ = {
			isa = XCBuildConfiguration;
			buildSettings = {
				ASSETCATALOG_COMPILER_APPICON_NAME = AppIcon;
				INFOPLIST_FILE = Titan/Info.plist;
				LD_RUNPATH_SEARCH_PATHS = "$(inherited) @executable_path/Frameworks";
				PRODUCT_BUNDLE_IDENTIFIER = com.titan.Titan;
				PRODUCT_NAME = "$(TARGET_NAME)";
			};
			name = Release;
		};
		AC0E2CD61D225C7800EBC3B3 /* Debug */ = {
			isa = XCBuildConfiguration;
			buildSettings = {
				BUNDLE_LOADER = "$(TEST_HOST)";
				INFOPLIST_FILE = TitanTests/Info.plist;
				LD_RUNPATH_SEARCH_PATHS = "$(inherited) @executable_path/Frameworks @loader_path/Frameworks";
				PRODUCT_BUNDLE_IDENTIFIER = com.titan.TitanTests;
				PRODUCT_NAME = "$(TARGET_NAME)";
				TEST_HOST = "$(BUILT_PRODUCTS_DIR)/Titan.app/Titan";
			};
			name = Debug;
		};
		AC0E2CD71D225C7800EBC3B3 /* Release */ = {
			isa = XCBuildConfiguration;
			buildSettings = {
				BUNDLE_LOADER = "$(TEST_HOST)";
				INFOPLIST_FILE = TitanTests/Info.plist;
				LD_RUNPATH_SEARCH_PATHS = "$(inherited) @executable_path/Frameworks @loader_path/Frameworks";
				PRODUCT_BUNDLE_IDENTIFIER = com.titan.TitanTests;
				PRODUCT_NAME = "$(TARGET_NAME)";
				TEST_HOST = "$(BUILT_PRODUCTS_DIR)/Titan.app/Titan";
			};
			name = Release;
		};
		AC0E2CD91D225C7800EBC3B3 /* Debug */ = {
			isa = XCBuildConfiguration;
			buildSettings = {
				INFOPLIST_FILE = TitanUITests/Info.plist;
				LD_RUNPATH_SEARCH_PATHS = "$(inherited) @executable_path/Frameworks @loader_path/Frameworks";
				PRODUCT_BUNDLE_IDENTIFIER = com.titan.TitanUITests;
				PRODUCT_NAME = "$(TARGET_NAME)";
				TEST_TARGET_NAME = Titan;
			};
			name = Debug;
		};
		AC0E2CDA1D225C7800EBC3B3 /* Release */ = {
			isa = XCBuildConfiguration;
			buildSettings = {
				INFOPLIST_FILE = TitanUITests/Info.plist;
				LD_RUNPATH_SEARCH_PATHS = "$(inherited) @executable_path/Frameworks @loader_path/Frameworks";
				PRODUCT_BUNDLE_IDENTIFIER = com.titan.TitanUITests;
				PRODUCT_NAME = "$(TARGET_NAME)";
				TEST_TARGET_NAME = Titan;
			};
			name = Release;
		};
/* End XCBuildConfiguration section */

/* Begin XCConfigurationList section */
		AC0E2CA51D225C7800EBC3B3 /* Build configuration list for PBXProject "Titan" */ = {
			isa = XCConfigurationList;
			buildConfigurations = (
				AC0E2CD01D225C7800EBC3B3 /* Debug */,
				AC0E2CD11D225C7800EBC3B3 /* Release */,
			);
			defaultConfigurationIsVisible = 0;
			defaultConfigurationName = Release;
		};
		AC0E2CD21D225C7800EBC3B3 /* Build configuration list for PBXNativeTarget "Titan" */ = {
			isa = XCConfigurationList;
			buildConfigurations = (
				AC0E2CD31D225C7800EBC3B3 /* Debug */,
				AC0E2CD41D225C7800EBC3B3 /* Release */,
			);
			defaultConfigurationIsVisible = 0;
		};
		AC0E2CD51D225C7800EBC3B3 /* Build configuration list for PBXNativeTarget "TitanTests" */ = {
			isa = XCConfigurationList;
			buildConfigurations = (
				AC0E2CD61D225C7800EBC3B3 /* Debug */,
				AC0E2CD71D225C7800EBC3B3 /* Release */,
			);
			defaultConfigurationIsVisible = 0;
		};
		AC0E2CD81D225C7800EBC3B3 /* Build configuration list for PBXNativeTarget "TitanUITests" */ = {
			isa = XCConfigurationList;
			buildConfigurations = (
				AC0E2CD91D225C7800EBC3B3 /* Debug */,
				AC0E2CDA1D225C7800EBC3B3 /* Release */,
			);
			defaultConfigurationIsVisible = 0;
		};
/* End XCConfigurationList section */
	};
	rootObject = AC0E2CA21D225C7800EBC3B3 /* Project object */;
}
